
Microsoft Visual Studio Solution File, Format Version 12.00
# Visual Studio Version 17
VisualStudioVersion = 17.3.32929.385
MinimumVisualStudioVersion = 10.0.40219.1
Project("{9A19103F-16F7-4668-BE54-9A1E7A4F7556}") = "FindoctorWeb", "FindoctorWeb\FindoctorWeb.csproj", "{A6416CB0-48CE-4254-9C11-C84AE92AF5D9}"
EndProject
Project("{FAE04EC0-301F-11D3-BF4B-00C04F79EFBC}") = "FindoctorCore", "FindoctorCore\FindoctorCore.csproj", "{7FB22748-514C-4DB0-B56B-D7395025EC7D}"
EndProject
Project("{FAE04EC0-301F-11D3-BF4B-00C04F79EFBC}") = "FindoctorData", "FindoctorData\FindoctorData.csproj", "{645D0DAF-219E-46E7-BA05-38689ACCD7E0}"
EndProject
Project("{FAE04EC0-301F-11D3-BF4B-00C04F79EFBC}") = "FindoctorEntity", "FindoctorEntity\FindoctorEntity.csproj", "{1BEEA129-DD96-46D9-8057-A40639940DF6}"
EndProject
Project("{FAE04EC0-301F-11D3-BF4B-00C04F79EFBC}") = "FindoctorService", "FindoctorService\FindoctorService.csproj", "{6260F620-F99A-4F5F-82F1-A06A4D58D4DC}"
EndProject
Global
	GlobalSection(SolutionConfigurationPlatforms) = preSolution
		Debug|Any CPU = Debug|Any CPU
		Release|Any CPU = Release|Any CPU
	EndGlobalSection
	GlobalSection(ProjectConfigurationPlatforms) = postSolution
		{A6416CB0-48CE-4254-9C11-C84AE92AF5D9}.Debug|Any CPU.ActiveCfg = Debug|Any CPU
		{A6416CB0-48CE-4254-9C11-C84AE92AF5D9}.Debug|Any CPU.Build.0 = Debug|Any CPU
		{A6416CB0-48CE-4254-9C11-C84AE92AF5D9}.Release|Any CPU.ActiveCfg = Release|Any CPU
		{A6416CB0-48CE-4254-9C11-C84AE92AF5D9}.Release|Any CPU.Build.0 = Release|Any CPU
		{7FB22748-514C-4DB0-B56B-D7395025EC7D}.Debug|Any CPU.ActiveCfg = Debug|Any CPU
		{7FB22748-514C-4DB0-B56B-D7395025EC7D}.Debug|Any CPU.Build.0 = Debug|Any CPU
		{7FB22748-514C-4DB0-B56B-D7395025EC7D}.Release|Any CPU.ActiveCfg = Release|Any CPU
		{7FB22748-514C-4DB0-B56B-D7395025EC7D}.Release|Any CPU.Build.0 = Release|Any CPU
		{645D0DAF-219E-46E7-BA05-38689ACCD7E0}.Debug|Any CPU.ActiveCfg = Debug|Any CPU
		{645D0DAF-219E-46E7-BA05-38689ACCD7E0}.Debug|Any CPU.Build.0 = Debug|Any CPU
		{645D0DAF-219E-46E7-BA05-38689ACCD7E0}.Release|Any CPU.ActiveCfg = Release|Any CPU
		{645D0DAF-219E-46E7-BA05-38689ACCD7E0}.Release|Any CPU.Build.0 = Release|Any CPU
		{1BEEA129-DD96-46D9-8057-A40639940DF6}.Debug|Any CPU.ActiveCfg = Debug|Any CPU
		{1BEEA129-DD96-46D9-8057-A40639940DF6}.Debug|Any CPU.Build.0 = Debug|Any CPU
		{1BEEA129-DD96-46D9-8057-A40639940DF6}.Release|Any CPU.ActiveCfg = Release|Any CPU
		{1BEEA129-DD96-46D9-8057-A40639940DF6}.Release|Any CPU.Build.0 = Release|Any CPU
		{6260F620-F99A-4F5F-82F1-A06A4D58D4DC}.Debug|Any CPU.ActiveCfg = Debug|Any CPU
		{6260F620-F99A-4F5F-82F1-A06A4D58D4DC}.Debug|Any CPU.Build.0 = Debug|Any CPU
		{6260F620-F99A-4F5F-82F1-A06A4D58D4DC}.Release|Any CPU.ActiveCfg = Release|Any CPU
		{6260F620-F99A-4F5F-82F1-A06A4D58D4DC}.Release|Any CPU.Build.0 = Release|Any CPU
	EndGlobalSection
	GlobalSection(SolutionProperties) = preSolution
		HideSolutionNode = FALSE
	EndGlobalSection
	GlobalSection(ExtensibilityGlobals) = postSolution
		SolutionGuid = {63747AD7-6108-4551-B929-006A987270F2}
	EndGlobalSection
EndGlobal
